
Microsoft Visual Studio Solution File, Format Version 12.00
# Visual Studio Version 16
VisualStudioVersion = 16.0.29519.87
MinimumVisualStudioVersion = 10.0.40219.1
Project("{FAE04EC0-301F-11D3-BF4B-00C04F79EFBC}") = "CoreMiddleware", "CoreMiddleware\CoreMiddleware.csproj", "{0A2E3280-E983-4A54-80B5-67414A15E801}"
EndProject
Global
	GlobalSection(SolutionConfigurationPlatforms) = preSolution
		Debug|Any CPU = Debug|Any CPU
		Release|Any CPU = Release|Any CPU
	EndGlobalSection
	GlobalSection(ProjectConfigurationPlatforms) = postSolution
		{0A2E3280-E983-4A54-80B5-67414A15E801}.Debug|Any CPU.ActiveCfg = Debug|Any CPU
		{0A2E3280-E983-4A54-80B5-67414A15E801}.Debug|Any CPU.Build.0 = Debug|Any CPU
		{0A2E3280-E983-4A54-80B5-67414A15E801}.Release|Any CPU.ActiveCfg = Release|Any CPU
		{0A2E3280-E983-4A54-80B5-67414A15E801}.Release|Any CPU.Build.0 = Release|Any CPU
	EndGlobalSection
	GlobalSection(SolutionProperties) = preSolution
		HideSolutionNode = FALSE
	EndGlobalSection
	GlobalSection(ExtensibilityGlobals) = postSolution
		SolutionGuid = {CE1AA4DB-E24D-4169-BD80-F0509A258F8B}
	EndGlobalSection
EndGlobal
